
Microsoft Visual Studio Solution File, Format Version 12.00
# Visual Studio Version 16
VisualStudioVersion = 16.0.29009.5
MinimumVisualStudioVersion = 10.0.40219.1
Project("{FAE04EC0-301F-11D3-BF4B-00C04F79EFBC}") = "reactsharp", "reactsharp.csproj", "{30027F88-4A5E-496D-BDCD-BF8F87B727EE}"
EndProject
Global
	GlobalSection(SolutionConfigurationPlatforms) = preSolution
		Debug|Any CPU = Debug|Any CPU
		Release|Any CPU = Release|Any CPU
	EndGlobalSection
	GlobalSection(ProjectConfigurationPlatforms) = postSolution
		{30027F88-4A5E-496D-BDCD-BF8F87B727EE}.Debug|Any CPU.ActiveCfg = Debug|Any CPU
		{30027F88-4A5E-496D-BDCD-BF8F87B727EE}.Debug|Any CPU.Build.0 = Debug|Any CPU
		{30027F88-4A5E-496D-BDCD-BF8F87B727EE}.Release|Any CPU.ActiveCfg = Release|Any CPU
		{30027F88-4A5E-496D-BDCD-BF8F87B727EE}.Release|Any CPU.Build.0 = Release|Any CPU
	EndGlobalSection
	GlobalSection(SolutionProperties) = preSolution
		HideSolutionNode = FALSE
	EndGlobalSection
	GlobalSection(ExtensibilityGlobals) = postSolution
		SolutionGuid = {0EC9143E-F75C-4508-9024-CB7EB2D7FF87}
	EndGlobalSection
EndGlobal
